
Microsoft Visual Studio Solution File, Format Version 12.00
# Visual Studio Version 17
VisualStudioVersion = 17.12.35707.178
MinimumVisualStudioVersion = 10.0.40219.1
Project("{FAE04EC0-301F-11D3-BF4B-00C04F79EFBC}") = "Services.Libreria.API", "Services.Libreria.API.csproj", "{1474DA4F-6AB4-4145-ABC9-4D7BDDF08B2E}"
EndProject
Project("{FAE04EC0-301F-11D3-BF4B-00C04F79EFBC}") = "Libreria.Application", "..\Libreria.Application\Libreria.Application.csproj", "{A74A64BD-1E7E-4B3D-9F86-FFC42362B4A2}"
EndProject
Project("{FAE04EC0-301F-11D3-BF4B-00C04F79EFBC}") = "Libreria.Infrastructura", "..\Libreria.Infrastructura\Libreria.Infrastructura.csproj", "{32DDBBB9-87B6-4212-9404-CFCEE5C5F4B3}"
EndProject
Project("{FAE04EC0-301F-11D3-BF4B-00C04F79EFBC}") = "Testing.Libreria", "..\..\..\Proyectos\MicroServicioLibreria\Testing.Libreria\Testing.Libreria.csproj", "{5E197B37-ACFA-44AD-9B7F-E0A5FF8CD0A2}"
EndProject
Global
	GlobalSection(SolutionConfigurationPlatforms) = preSolution
		Debug|Any CPU = Debug|Any CPU
		Release|Any CPU = Release|Any CPU
	EndGlobalSection
	GlobalSection(ProjectConfigurationPlatforms) = postSolution
		{1474DA4F-6AB4-4145-ABC9-4D7BDDF08B2E}.Debug|Any CPU.ActiveCfg = Debug|Any CPU
		{1474DA4F-6AB4-4145-ABC9-4D7BDDF08B2E}.Debug|Any CPU.Build.0 = Debug|Any CPU
		{1474DA4F-6AB4-4145-ABC9-4D7BDDF08B2E}.Release|Any CPU.ActiveCfg = Release|Any CPU
		{1474DA4F-6AB4-4145-ABC9-4D7BDDF08B2E}.Release|Any CPU.Build.0 = Release|Any CPU
		{A74A64BD-1E7E-4B3D-9F86-FFC42362B4A2}.Debug|Any CPU.ActiveCfg = Debug|Any CPU
		{A74A64BD-1E7E-4B3D-9F86-FFC42362B4A2}.Debug|Any CPU.Build.0 = Debug|Any CPU
		{A74A64BD-1E7E-4B3D-9F86-FFC42362B4A2}.Release|Any CPU.ActiveCfg = Release|Any CPU
		{A74A64BD-1E7E-4B3D-9F86-FFC42362B4A2}.Release|Any CPU.Build.0 = Release|Any CPU
		{32DDBBB9-87B6-4212-9404-CFCEE5C5F4B3}.Debug|Any CPU.ActiveCfg = Debug|Any CPU
		{32DDBBB9-87B6-4212-9404-CFCEE5C5F4B3}.Debug|Any CPU.Build.0 = Debug|Any CPU
		{32DDBBB9-87B6-4212-9404-CFCEE5C5F4B3}.Release|Any CPU.ActiveCfg = Release|Any CPU
		{32DDBBB9-87B6-4212-9404-CFCEE5C5F4B3}.Release|Any CPU.Build.0 = Release|Any CPU
		{5E197B37-ACFA-44AD-9B7F-E0A5FF8CD0A2}.Debug|Any CPU.ActiveCfg = Debug|Any CPU
		{5E197B37-ACFA-44AD-9B7F-E0A5FF8CD0A2}.Debug|Any CPU.Build.0 = Debug|Any CPU
		{5E197B37-ACFA-44AD-9B7F-E0A5FF8CD0A2}.Release|Any CPU.ActiveCfg = Release|Any CPU
		{5E197B37-ACFA-44AD-9B7F-E0A5FF8CD0A2}.Release|Any CPU.Build.0 = Release|Any CPU
	EndGlobalSection
	GlobalSection(SolutionProperties) = preSolution
		HideSolutionNode = FALSE
	EndGlobalSection
EndGlobal
